hash: e83d7d047a04ffc697f2e0508e8a080f971b7c14004945e0d0018baee019eb9d
updated: 2017-01-18T03:18:41.0218634-02:00
imports:
- name: github.com/andybalholm/cascadia
  version: 349dd0209470eabd9514242c688c403c0926d266
- name: github.com/davecgh/go-spew
  version: 346938d642f2ec3594ed81d874461961cd0faa76
  subpackages:
  - spew
- name: github.com/PuerkitoBio/goquery
  version: 3cb3b8656883c2cc3deb9c643d93ea6e5157e425
- name: golang.org/x/net
  version: f2499483f923065a842d38eb4c7f1927e6fc6e6d
  subpackages:
  - html
  - html/atom
testImports: []
