hash: d1b8f6dbc9a5e34fbb3a768697838df7651697229a1edfaae1ded4cdf145cd3f
updated: 2017-02-16T22:06:25.645673256-02:00
imports:
- name: github.com/andybalholm/cascadia
  version: a1e764dc2bbe28a036fbbe1c2d1a3748ceb6ce77
- name: github.com/davecgh/go-spew
  version: ""
  subpackages:
  - spew
- name: github.com/pkg/errors
  version: ""
- name: github.com/PuerkitoBio/goquery
  version: ""
- name: github.com/Zignd/bewitched-marmot
  version: a1e764dc2bbe28a036fbbe1c2d1a3748ceb6ce77
  subpackages:
  - types
- name: golang.org/x/crypto
  version: 453249f01cfeb54c3d549ddb75ff152ca243f9d8
  subpackages:
  - ssh/terminal
- name: golang.org/x/net
  version: a1e764dc2bbe28a036fbbe1c2d1a3748ceb6ce77
  subpackages:
  - html
  - html/atom
- name: golang.org/x/text
  version: 85c29909967d7f171f821e7a42e7b7af76fb9598
  subpackages:
  - encoding
testImports: []
